
Microsoft Visual Studio Solution File, Format Version 12.00
# Visual Studio Version 16
VisualStudioVersion = 16.0.31424.327
MinimumVisualStudioVersion = 10.0.40219.1
Project("{FAE04EC0-301F-11D3-BF4B-00C04F79EFBC}") = "FuelQuoteApplication14", "FuelQuoteApplication14\FuelQuoteApplication14.csproj", "{C360B53D-CE01-458D-95CE-AC5ED35458F5}"
EndProject
Project("{FAE04EC0-301F-11D3-BF4B-00C04F79EFBC}") = "FuelQuoteApplication14Tests", "FuelQuoteApplication14Tests\FuelQuoteApplication14Tests.csproj", "{766A6BC8-3A30-4DF8-B0AF-D9D5ECD1D531}"
EndProject
Global
	GlobalSection(SolutionConfigurationPlatforms) = preSolution
		Debug|Any CPU = Debug|Any CPU
		Release|Any CPU = Release|Any CPU
	EndGlobalSection
	GlobalSection(ProjectConfigurationPlatforms) = postSolution
		{C360B53D-CE01-458D-95CE-AC5ED35458F5}.Debug|Any CPU.ActiveCfg = Debug|Any CPU
		{C360B53D-CE01-458D-95CE-AC5ED35458F5}.Debug|Any CPU.Build.0 = Debug|Any CPU
		{C360B53D-CE01-458D-95CE-AC5ED35458F5}.Release|Any CPU.ActiveCfg = Release|Any CPU
		{C360B53D-CE01-458D-95CE-AC5ED35458F5}.Release|Any CPU.Build.0 = Release|Any CPU
		{766A6BC8-3A30-4DF8-B0AF-D9D5ECD1D531}.Debug|Any CPU.ActiveCfg = Debug|Any CPU
		{766A6BC8-3A30-4DF8-B0AF-D9D5ECD1D531}.Debug|Any CPU.Build.0 = Debug|Any CPU
		{766A6BC8-3A30-4DF8-B0AF-D9D5ECD1D531}.Release|Any CPU.ActiveCfg = Release|Any CPU
		{766A6BC8-3A30-4DF8-B0AF-D9D5ECD1D531}.Release|Any CPU.Build.0 = Release|Any CPU
	EndGlobalSection
	GlobalSection(SolutionProperties) = preSolution
		HideSolutionNode = FALSE
	EndGlobalSection
	GlobalSection(ExtensibilityGlobals) = postSolution
		SolutionGuid = {35C717F6-099E-4D84-B8ED-8CD6123F07B6}
	EndGlobalSection
EndGlobal
